
Microsoft Visual Studio Solution File, Format Version 12.00
# Visual Studio Version 17
VisualStudioVersion = 17.2.32630.192
MinimumVisualStudioVersion = 10.0.40219.1
Project("{9A19103F-16F7-4668-BE54-9A1E7A4F7556}") = "TestStartDP", "TestStartDP.csproj", "{DB717DB5-48B7-4532-8E55-630370F58E06}"
EndProject
Global
	GlobalSection(SolutionConfigurationPlatforms) = preSolution
		Debug|Any CPU = Debug|Any CPU
		Release|Any CPU = Release|Any CPU
	EndGlobalSection
	GlobalSection(ProjectConfigurationPlatforms) = postSolution
		{DB717DB5-48B7-4532-8E55-630370F58E06}.Debug|Any CPU.ActiveCfg = Debug|Any CPU
		{DB717DB5-48B7-4532-8E55-630370F58E06}.Debug|Any CPU.Build.0 = Debug|Any CPU
		{DB717DB5-48B7-4532-8E55-630370F58E06}.Release|Any CPU.ActiveCfg = Release|Any CPU
		{DB717DB5-48B7-4532-8E55-630370F58E06}.Release|Any CPU.Build.0 = Release|Any CPU
	EndGlobalSection
	GlobalSection(SolutionProperties) = preSolution
		HideSolutionNode = FALSE
	EndGlobalSection
	GlobalSection(ExtensibilityGlobals) = postSolution
		SolutionGuid = {7822A5C1-836A-41DB-B1EA-DB4B9FC42902}
	EndGlobalSection
EndGlobal
